
Microsoft Visual Studio Solution File, Format Version 12.00
# Visual Studio Version 16
VisualStudioVersion = 16.0.31129.286
MinimumVisualStudioVersion = 10.0.40219.1
Project("{9A19103F-16F7-4668-BE54-9A1E7A4F7556}") = "Lanthanum-web", "Lanthanum-web\Lanthanum-web.csproj", "{D4AA406B-CE07-48BA-B240-7365F5363F71}"
EndProject
Project("{FAE04EC0-301F-11D3-BF4B-00C04F79EFBC}") = "Logging", "Logging\Logging.csproj", "{7EDE74E3-D04D-4A17-9FD0-0EE8387B2483}"
EndProject
Global
	GlobalSection(SolutionConfigurationPlatforms) = preSolution
		Debug|Any CPU = Debug|Any CPU
		Release|Any CPU = Release|Any CPU
	EndGlobalSection
	GlobalSection(ProjectConfigurationPlatforms) = postSolution
		{D4AA406B-CE07-48BA-B240-7365F5363F71}.Debug|Any CPU.ActiveCfg = Debug|Any CPU
		{D4AA406B-CE07-48BA-B240-7365F5363F71}.Debug|Any CPU.Build.0 = Debug|Any CPU
		{D4AA406B-CE07-48BA-B240-7365F5363F71}.Release|Any CPU.ActiveCfg = Release|Any CPU
		{D4AA406B-CE07-48BA-B240-7365F5363F71}.Release|Any CPU.Build.0 = Release|Any CPU
		{7EDE74E3-D04D-4A17-9FD0-0EE8387B2483}.Debug|Any CPU.ActiveCfg = Debug|Any CPU
		{7EDE74E3-D04D-4A17-9FD0-0EE8387B2483}.Debug|Any CPU.Build.0 = Debug|Any CPU
		{7EDE74E3-D04D-4A17-9FD0-0EE8387B2483}.Release|Any CPU.ActiveCfg = Release|Any CPU
		{7EDE74E3-D04D-4A17-9FD0-0EE8387B2483}.Release|Any CPU.Build.0 = Release|Any CPU
	EndGlobalSection
	GlobalSection(SolutionProperties) = preSolution
		HideSolutionNode = FALSE
	EndGlobalSection
	GlobalSection(ExtensibilityGlobals) = postSolution
		SolutionGuid = {594747B8-B42E-4328-858C-34412EEC5730}
	EndGlobalSection
EndGlobal
